
Microsoft Visual Studio Solution File, Format Version 12.00
# Visual Studio Version 17
VisualStudioVersion = 17.6.33829.357
MinimumVisualStudioVersion = 10.0.40219.1
Project("{FAE04EC0-301F-11D3-BF4B-00C04F79EFBC}") = "seznam_ukolů", "seznam_ukolů.csproj", "{0805E003-E7F6-47C1-9C15-5BBF88320537}"
EndProject
Global
	GlobalSection(SolutionConfigurationPlatforms) = preSolution
		Debug|Any CPU = Debug|Any CPU
		Release|Any CPU = Release|Any CPU
	EndGlobalSection
	GlobalSection(ProjectConfigurationPlatforms) = postSolution
		{0805E003-E7F6-47C1-9C15-5BBF88320537}.Debug|Any CPU.ActiveCfg = Debug|Any CPU
		{0805E003-E7F6-47C1-9C15-5BBF88320537}.Debug|Any CPU.Build.0 = Debug|Any CPU
		{0805E003-E7F6-47C1-9C15-5BBF88320537}.Release|Any CPU.ActiveCfg = Release|Any CPU
		{0805E003-E7F6-47C1-9C15-5BBF88320537}.Release|Any CPU.Build.0 = Release|Any CPU
	EndGlobalSection
	GlobalSection(SolutionProperties) = preSolution
		HideSolutionNode = FALSE
	EndGlobalSection
	GlobalSection(ExtensibilityGlobals) = postSolution
		SolutionGuid = {1A60F6F7-CCD2-41B3-92A9-C3784D18C95E}
	EndGlobalSection
EndGlobal
